
Microsoft Visual Studio Solution File, Format Version 12.00
# Visual Studio Version 17
VisualStudioVersion = 17.0.32112.339
MinimumVisualStudioVersion = 10.0.40219.1
Project("{FAE04EC0-301F-11D3-BF4B-00C04F79EFBC}") = "jogodavelha", "jogodavelha\jogodavelha.csproj", "{56128E40-C339-4572-ACE7-EE232418A2A0}"
EndProject
Global
	GlobalSection(SolutionConfigurationPlatforms) = preSolution
		Debug|Any CPU = Debug|Any CPU
		Release|Any CPU = Release|Any CPU
	EndGlobalSection
	GlobalSection(ProjectConfigurationPlatforms) = postSolution
		{56128E40-C339-4572-ACE7-EE232418A2A0}.Debug|Any CPU.ActiveCfg = Debug|Any CPU
		{56128E40-C339-4572-ACE7-EE232418A2A0}.Debug|Any CPU.Build.0 = Debug|Any CPU
		{56128E40-C339-4572-ACE7-EE232418A2A0}.Release|Any CPU.ActiveCfg = Release|Any CPU
		{56128E40-C339-4572-ACE7-EE232418A2A0}.Release|Any CPU.Build.0 = Release|Any CPU
	EndGlobalSection
	GlobalSection(SolutionProperties) = preSolution
		HideSolutionNode = FALSE
	EndGlobalSection
	GlobalSection(ExtensibilityGlobals) = postSolution
		SolutionGuid = {8936296C-F162-4B29-8B86-12D9776C691B}
	EndGlobalSection
EndGlobal
